// !$*UTF8*$!
{
	archiveVersion = 1;
	classes = {
	};
	objectVersion = 77;
	objects = {

/* Begin PBXBuildFile section */
		02124130D6D8D7B74F082D3A /* ScannerView.swift in Sources */ = {isa = PBXBuildFile; fileRef = 7B36D17E768C01DC3A542C88 /* ScannerView.swift */; };
		07D4FCFC2D0BE225F3A6C57D /* Offer.swift in Sources */ = {isa = PBXBuildFile; fileRef = 26E20EDAB6E8A3A92E361EC8 /* Offer.swift */; };
		0F902799B765204F820F50D8 /* allegro_malformed.html in Resources */ = {isa = PBXBuildFile; fileRef = 803EE7CE8C20B365A15D9B30 /* allegro_malformed.html */; };
		15021F7179AF8F2EDB501B4D /* AppConfig.swift in Sources */ = {isa = PBXBuildFile; fileRef = FBB9C06DF309488D38EAE579 /* AppConfig.swift */; };
		16819913430677CA83617531 /* BarcodeNormalizerTests.swift in Sources */ = {isa = PBXBuildFile; fileRef = 1AA75D95DEA5154DB996661E /* BarcodeNormalizerTests.swift */; };
		18D3E4A1DA3D98758A5FE40A /* OfferCard.swift in Sources */ = {isa = PBXBuildFile; fileRef = FAF5D9A92B464E6BD028862E /* OfferCard.swift */; };
		199C6DCB840C31657FAFE4BC /* allegro_listing_success.html in Resources */ = {isa = PBXBuildFile; fileRef = 3802FBE5B3772A1897DD9038 /* allegro_listing_success.html */; };
		1F8A3F9A45FF0D52FC59A9B2 /* Assets.xcassets in Resources */ = {isa = PBXBuildFile; fileRef = DD790813A023E280CE76CDAC /* Assets.xcassets */; };
		2988D0098C3E4D95DB462E8F /* InfoPlist.xcstrings in Resources */ = {isa = PBXBuildFile; fileRef = BCB4A5B17E2E35DB9AEC7012 /* InfoPlist.xcstrings */; };
		35836F114150CD4073ABF435 /* SmokeUITests.swift in Sources */ = {isa = PBXBuildFile; fileRef = FFB9547BCEA2366EE51B31D0 /* SmokeUITests.swift */; };
		36152920F35FDF5E07EE6DD1 /* TextNormalizer.swift in Sources */ = {isa = PBXBuildFile; fileRef = 437BFA93EDC0DEC36E66415F /* TextNormalizer.swift */; };
		365EA2DB4B8D8FA47719D3BA /* OfferMatcherTests.swift in Sources */ = {isa = PBXBuildFile; fileRef = 3D4583BE21879A603BF48B39 /* OfferMatcherTests.swift */; };
		3B174DD2130023921E7C7816 /* ProviderDiagnosticsView.swift in Sources */ = {isa = PBXBuildFile; fileRef = 047427D1FCE839C4B7797E2A /* ProviderDiagnosticsView.swift */; };
		3D210B2F35C4313CA81DA1EB /* SearchSession.swift in Sources */ = {isa = PBXBuildFile; fileRef = 8D359DD1EDF73E732382E50E /* SearchSession.swift */; };
		44ECB6F249E12D1BCFC7AC60 /* Money.swift in Sources */ = {isa = PBXBuildFile; fileRef = 5D88B3A51E58F4AD689B016A /* Money.swift */; };
		457FC39807F20370E419B779 /* PageClassifier.swift in Sources */ = {isa = PBXBuildFile; fileRef = 112A893EC0F5B45DF9548815 /* PageClassifier.swift */; };
		4962C8804D77DB43CE37A49E /* BarcodeNormalizer.swift in Sources */ = {isa = PBXBuildFile; fileRef = 1792DDF52C961674F1CB0E79 /* BarcodeNormalizer.swift */; };
		53F9EA289D2DD2BCD705CD56 /* google_js_shell.html in Resources */ = {isa = PBXBuildFile; fileRef = E384B8023B637113175FF24F /* google_js_shell.html */; };
		541564CECF1C20A2BCD29C7D /* LiveScannerProvider.swift in Sources */ = {isa = PBXBuildFile; fileRef = 1DB4AFF53DF9777638F48A72 /* LiveScannerProvider.swift */; };
		5684ECCC0DD6D99D9276A6A1 /* GoogleWebSearchProvider.swift in Sources */ = {isa = PBXBuildFile; fileRef = 2C089DDE4192CDE7BA3654D7 /* GoogleWebSearchProvider.swift */; };
		58D5F309B7309ABCEEBC1604 /* google_shopping_noresults.html in Resources */ = {isa = PBXBuildFile; fileRef = 26952965B0322A71FCD5865E /* google_shopping_noresults.html */; };
		598CCF116C6FA4B9674E8C24 /* HistoryView.swift in Sources */ = {isa = PBXBuildFile; fileRef = 97F94D285DC5214B823D093F /* HistoryView.swift */; };
		5E3342037946DC2166C9750E /* SwiftSoup in Frameworks */ = {isa = PBXBuildFile; productRef = 5D20ECC398696FBDD98DADA5 /* SwiftSoup */; };
		606B286D068AFF7678CCA535 /* AppSettings.swift in Sources */ = {isa = PBXBuildFile; fileRef = 2D789D4FC0E2730BBDA51869 /* AppSettings.swift */; };
		7104A54AB4B9B34F62BA599B /* FixtureScannerProvider.swift in Sources */ = {isa = PBXBuildFile; fileRef = B8C0EAEFDB4D51672067A47C /* FixtureScannerProvider.swift */; };
		71FD9F5EFE63E7FF7F31A37B /* HistoryRepository.swift in Sources */ = {isa = PBXBuildFile; fileRef = F00A154BEE5B93199DC1CE7E /* HistoryRepository.swift */; };
		7288B504FE5EF25089597C24 /* GoogleOfferHTMLParser.swift in Sources */ = {isa = PBXBuildFile; fileRef = 0B4B79C56AB65178FBC90056 /* GoogleOfferHTMLParser.swift */; };
		73EF635ADF538A6A76892B97 /* ProviderStatusChip.swift in Sources */ = {isa = PBXBuildFile; fileRef = C1F09F51AB02FF2365F5193F /* ProviderStatusChip.swift */; };
		74CFA9A1F37D352D2F2422BB /* SmokeTests.swift in Sources */ = {isa = PBXBuildFile; fileRef = 74A2D53406E8C541C814AFD4 /* SmokeTests.swift */; };
		770955572208D70F4F8E6A71 /* ResultsViewModel.swift in Sources */ = {isa = PBXBuildFile; fileRef = FFA56F5E80CA63C85D9B78D8 /* ResultsViewModel.swift */; };
		7BBB2A76247DFDC527D2145F /* ProductIdentity.swift in Sources */ = {isa = PBXBuildFile; fileRef = 9769DCCD8DDAC056C355066C /* ProductIdentity.swift */; };
		8009B4378D4925EEADA2D1EF /* SearchCoordinator.swift in Sources */ = {isa = PBXBuildFile; fileRef = 79CA5AB696D8E8C66166F79D /* SearchCoordinator.swift */; };
		81A246642340D5EB206E8A8E /* allegro_datadome.html in Resources */ = {isa = PBXBuildFile; fileRef = 122C53457EECB3F995FFE667 /* allegro_datadome.html */; };
		8575CE67D43CF5CC1B814BB8 /* Localizable.xcstrings in Resources */ = {isa = PBXBuildFile; fileRef = 7B18B80A1D7B20863083E57A /* Localizable.xcstrings */; };
		85A202D3AC609352E7F64630 /* AllegroWebSearchProvider.swift in Sources */ = {isa = PBXBuildFile; fileRef = E15BF599CFC552759710B981 /* AllegroWebSearchProvider.swift */; };
		890F0E97269C6635D9EAE38F /* ProductQueryBuilderTests.swift in Sources */ = {isa = PBXBuildFile; fileRef = E1AF15AA73C64F1CE66CD22E /* ProductQueryBuilderTests.swift */; };
		8C42A32B5BE2800F8ECE6D70 /* OfferMatcher.swift in Sources */ = {isa = PBXBuildFile; fileRef = 23CA0C52356C7DFA98DC4525 /* OfferMatcher.swift */; };
		8E9FF0C724751BC8BBFD06FE /* ScannerStatusCapsule.swift in Sources */ = {isa = PBXBuildFile; fileRef = F6E8583CE1E0109128535939 /* ScannerStatusCapsule.swift */; };
		8FB2D89D98F924FEAD837BD1 /* SettingsView.swift in Sources */ = {isa = PBXBuildFile; fileRef = AE6ABAB1DBBBF3C54A750D32 /* SettingsView.swift */; };
		907F2F3ABA52FEFF4EADF61F /* ScanHistoryRecord.swift in Sources */ = {isa = PBXBuildFile; fileRef = 6FD3A740C8B24827A3CC2F07 /* ScanHistoryRecord.swift */; };
		90D542C6E46CF6B7A451B200 /* OfferSorting.swift in Sources */ = {isa = PBXBuildFile; fileRef = C810A15B681DBA561F33B962 /* OfferSorting.swift */; };
		948628418D54652AB2FE3C80 /* AppContainer.swift in Sources */ = {isa = PBXBuildFile; fileRef = 5B44640262182725C0797247 /* AppContainer.swift */; };
		95873237EBAECD459697FCED /* Log.swift in Sources */ = {isa = PBXBuildFile; fileRef = 8FD944FCD588CFC7EBCF8821 /* Log.swift */; };
		9A54822DDDC92E67883FC53B /* AppRoute.swift in Sources */ = {isa = PBXBuildFile; fileRef = 9485710FEE7FA8737950D6DC /* AppRoute.swift */; };
		9CDE4E37A60141C1BFED7443 /* URLNormalizer.swift in Sources */ = {isa = PBXBuildFile; fileRef = F91D5E3B58E3E1151FC40709 /* URLNormalizer.swift */; };
		9DAA9767FA59C518B4A6FC72 /* ProductQueryBuilder.swift in Sources */ = {isa = PBXBuildFile; fileRef = A7A79F96552B60FAEFC3DA89 /* ProductQueryBuilder.swift */; };
		9FE84D11F5653FC13A76C3F0 /* PersistenceController.swift in Sources */ = {isa = PBXBuildFile; fileRef = 2B821054CCDE606F9DD1B056 /* PersistenceController.swift */; };
		A16196F1B4057AD9667B00CA /* DataScannerRepresentable.swift in Sources */ = {isa = PBXBuildFile; fileRef = A8514D3522796C3102D4308E /* DataScannerRepresentable.swift */; };
		A9E48EFA5939C7442CA52142 /* SearchProvider.swift in Sources */ = {isa = PBXBuildFile; fileRef = 3FECB67172B17FE8C6263E81 /* SearchProvider.swift */; };
		AA556EF2CBD7C6300CFC1201 /* EmptyState.swift in Sources */ = {isa = PBXBuildFile; fileRef = DE0ADA8B30181A1190617025 /* EmptyState.swift */; };
		AC46034F9669CD841B9643AF /* google_shopping_success.html in Resources */ = {isa = PBXBuildFile; fileRef = E8FF15B58ECA5F7D29522798 /* google_shopping_success.html */; };
		AE066567F85F6BDE56B3B92A /* allegro_noresults.html in Resources */ = {isa = PBXBuildFile; fileRef = 0AB2238F54E6DDD3599B44C8 /* allegro_noresults.html */; };
		AF2C25767AB3CBB9FF6C09FF /* ScannerViewModel.swift in Sources */ = {isa = PBXBuildFile; fileRef = 8D24B727FB0F34D5CC838F8D /* ScannerViewModel.swift */; };
		B167B27CBF3DEDA297749E3C /* GlassControl.swift in Sources */ = {isa = PBXBuildFile; fileRef = C16522E7041AF15BC586B047 /* GlassControl.swift */; };
		B291E9DF6F45690FD1246F14 /* GoogleSearchURLBuilder.swift in Sources */ = {isa = PBXBuildFile; fileRef = D6F2D672F35FF921248ABA08 /* GoogleSearchURLBuilder.swift */; };
		B3B54C2993F56B7AE709FAC7 /* SearchCache.swift in Sources */ = {isa = PBXBuildFile; fileRef = 71E8230D103118180BAF40FE /* SearchCache.swift */; };
		B5EEB009B4F5326F414E8661 /* HTTPClient.swift in Sources */ = {isa = PBXBuildFile; fileRef = C4E8C05464F8EDDCAF9A4DAE /* HTTPClient.swift */; };
		BB3DDEF59ACEBC4D3E065F52 /* DecisionAndSortingTests.swift in Sources */ = {isa = PBXBuildFile; fileRef = 624C46D9CD797525679C6063 /* DecisionAndSortingTests.swift */; };
		C050D148E68CBF062DDC5202 /* StructuredDataExtractor.swift in Sources */ = {isa = PBXBuildFile; fileRef = 0D5DCDFBDA968D30E31FFCD6 /* StructuredDataExtractor.swift */; };
		C0A5CDF79063E46CFB64BA15 /* PriceParser.swift in Sources */ = {isa = PBXBuildFile; fileRef = 2C53A6E1AAEBF25FB6BEE770 /* PriceParser.swift */; };
		C383AF3BBB85E8AA908302FC /* ProviderExtractionRules.json in Resources */ = {isa = PBXBuildFile; fileRef = D4691C339F8DE93725EB4AE2 /* ProviderExtractionRules.json */; };
		C54849472A6C1CE1CF436B50 /* SearchCacheRecord.swift in Sources */ = {isa = PBXBuildFile; fileRef = 03E2E92AAAF8267CCC85E18E /* SearchCacheRecord.swift */; };
		C649034F3543B4DEA230E41B /* DecisionBadge.swift in Sources */ = {isa = PBXBuildFile; fileRef = 9967EE09F2CE768B0505C4F1 /* DecisionBadge.swift */; };
		D0BEC79C3EA2EF1EFD4BCB58 /* DecisionEngine.swift in Sources */ = {isa = PBXBuildFile; fileRef = 45861E1D1749F05682FFF5FA /* DecisionEngine.swift */; };
		D24B0AEDCF82C33953C9CD38 /* Tokens.swift in Sources */ = {isa = PBXBuildFile; fileRef = 9043432783F917B1E94FA3E6 /* Tokens.swift */; };
		D53319014BD641B0CFAE6C50 /* PriceValueView.swift in Sources */ = {isa = PBXBuildFile; fileRef = A589ED35D085463CE308DD90 /* PriceValueView.swift */; };
		D61CBBC7D78ECB4AD91E9B34 /* FloatingIconButton.swift in Sources */ = {isa = PBXBuildFile; fileRef = 401D1F22F1B32DCE6D1ED875 /* FloatingIconButton.swift */; };
		D8743EE8F5E27D82304E29A7 /* RecognitionService.swift in Sources */ = {isa = PBXBuildFile; fileRef = 398C3E7F42A9D5956792C4B1 /* RecognitionService.swift */; };
		D8A7E4B4D110EC81D57A4007 /* AllegroOfferHTMLParser.swift in Sources */ = {isa = PBXBuildFile; fileRef = D43F9DAAAB47C2D55AEC15B4 /* AllegroOfferHTMLParser.swift */; };
		D90F274F11F10A837A9E02BE /* FixtureSearchProvider.swift in Sources */ = {isa = PBXBuildFile; fileRef = C7DE71539D25F4AFA046A4F2 /* FixtureSearchProvider.swift */; };
		D988DEEC3500D759D5705A5F /* RecognitionOverlay.swift in Sources */ = {isa = PBXBuildFile; fileRef = 2E503D00BD8F94130113A2B2 /* RecognitionOverlay.swift */; };
		DA9A4263815B626647360F8A /* AllegroSearchURLBuilder.swift in Sources */ = {isa = PBXBuildFile; fileRef = 3923D022E0FC49CAF7117854 /* AllegroSearchURLBuilder.swift */; };
		DB291E2E168C8B64EFC1254B /* AppRootView.swift in Sources */ = {isa = PBXBuildFile; fileRef = 7F43659B1C9895FC705C5335 /* AppRootView.swift */; };
		E3E69203305D866DCA83E87A /* ResultSheetView.swift in Sources */ = {isa = PBXBuildFile; fileRef = B7A3D85189461A06E30B5667 /* ResultSheetView.swift */; };
		E75E3E64BE4D20B1BB19AFC7 /* google_malformed.html in Resources */ = {isa = PBXBuildFile; fileRef = 365F962141E320B8DB57623B /* google_malformed.html */; };
		E989636387CBAC15C347E594 /* PriceLensApp.swift in Sources */ = {isa = PBXBuildFile; fileRef = 097A94313C652116DBDBEE79 /* PriceLensApp.swift */; };
		F01971272C7BCA07D0C3329E /* ScannerProvider.swift in Sources */ = {isa = PBXBuildFile; fileRef = D4E6C739FD9F4CBD90F8A3A1 /* ScannerProvider.swift */; };
		F3B52F9C71AEB5BF93499631 /* AppLanguage.swift in Sources */ = {isa = PBXBuildFile; fileRef = 5A34796790CD78814B307427 /* AppLanguage.swift */; };
		F478A23FB15E46BDBF1FEE97 /* InlineErrorState.swift in Sources */ = {isa = PBXBuildFile; fileRef = 4430BC6949A2ED6006F8A575 /* InlineErrorState.swift */; };
		F6864D4AD0BB8EF4AB6E92EB /* PriceParserTests.swift in Sources */ = {isa = PBXBuildFile; fileRef = B587E32BFB2B641E08201882 /* PriceParserTests.swift */; };
		F734736871345777DC679C6B /* RecognitionLexicon.swift in Sources */ = {isa = PBXBuildFile; fileRef = 6ECB91E076A342214231B2C8 /* RecognitionLexicon.swift */; };
		FFFA3FAEB258B110DAAFB8B7 /* WebPageLoader.swift in Sources */ = {isa = PBXBuildFile; fileRef = 4F76F935FE0A9F9335987332 /* WebPageLoader.swift */; };
/* End PBXBuildFile section */

/* Begin PBXContainerItemProxy section */
		9514A5B94E1C70E24D0E738C /* PBXContainerItemProxy */ = {
			isa = PBXContainerItemProxy;
			containerPortal = 99B1FD5EDC0333013D3722FF /* Project object */;
			proxyType = 1;
			remoteGlobalIDString = E01F8C3AA790DFF4E9D29D31;
			remoteInfo = PriceLens;
		};
		DF227240923BC99361AD75B8 /* PBXContainerItemProxy */ = {
			isa = PBXContainerItemProxy;
			containerPortal = 99B1FD5EDC0333013D3722FF /* Project object */;
			proxyType = 1;
			remoteGlobalIDString = E01F8C3AA790DFF4E9D29D31;
			remoteInfo = PriceLens;
		};
/* End PBXContainerItemProxy section */

/* Begin PBXFileReference section */
		02BF75AB243AEACD1B782D8C /* PriceLensTests.xctest */ = {isa = PBXFileReference; includeInIndex = 0; lastKnownFileType = wrapper.cfbundle; path = PriceLensTests.xctest; sourceTree = BUILT_PRODUCTS_DIR; };
		03E2E92AAAF8267CCC85E18E /* SearchCacheRecord.swift */ = {isa = PBXFileReference; lastKnownFileType = sourcecode.swift; path = SearchCacheRecord.swift; sourceTree = "<group>"; };
		047427D1FCE839C4B7797E2A /* ProviderDiagnosticsView.swift */ = {isa = PBXFileReference; lastKnownFileType = sourcecode.swift; path = ProviderDiagnosticsView.swift; sourceTree = "<group>"; };
		097A94313C652116DBDBEE79 /* PriceLensApp.swift */ = {isa = PBXFileReference; lastKnownFileType = sourcecode.swift; path = PriceLensApp.swift; sourceTree = "<group>"; };
		0AB2238F54E6DDD3599B44C8 /* allegro_noresults.html */ = {isa = PBXFileReference; lastKnownFileType = text.html; path = allegro_noresults.html; sourceTree = "<group>"; };
		0B4B79C56AB65178FBC90056 /* GoogleOfferHTMLParser.swift */ = {isa = PBXFileReference; lastKnownFileType = sourcecode.swift; path = GoogleOfferHTMLParser.swift; sourceTree = "<group>"; };
		0D5DCDFBDA968D30E31FFCD6 /* StructuredDataExtractor.swift */ = {isa = PBXFileReference; lastKnownFileType = sourcecode.swift; path = StructuredDataExtractor.swift; sourceTree = "<group>"; };
		112A893EC0F5B45DF9548815 /* PageClassifier.swift */ = {isa = PBXFileReference; lastKnownFileType = sourcecode.swift; path = PageClassifier.swift; sourceTree = "<group>"; };
		122C53457EECB3F995FFE667 /* allegro_datadome.html */ = {isa = PBXFileReference; lastKnownFileType = text.html; path = allegro_datadome.html; sourceTree = "<group>"; };
		1792DDF52C961674F1CB0E79 /* BarcodeNormalizer.swift */ = {isa = PBXFileReference; lastKnownFileType = sourcecode.swift; path = BarcodeNormalizer.swift; sourceTree = "<group>"; };
		1AA75D95DEA5154DB996661E /* BarcodeNormalizerTests.swift */ = {isa = PBXFileReference; lastKnownFileType = sourcecode.swift; path = BarcodeNormalizerTests.swift; sourceTree = "<group>"; };
		1DB4AFF53DF9777638F48A72 /* LiveScannerProvider.swift */ = {isa = PBXFileReference; lastKnownFileType = sourcecode.swift; path = LiveScannerProvider.swift; sourceTree = "<group>"; };
		23CA0C52356C7DFA98DC4525 /* OfferMatcher.swift */ = {isa = PBXFileReference; lastKnownFileType = sourcecode.swift; path = OfferMatcher.swift; sourceTree = "<group>"; };
		26952965B0322A71FCD5865E /* google_shopping_noresults.html */ = {isa = PBXFileReference; lastKnownFileType = text.html; path = google_shopping_noresults.html; sourceTree = "<group>"; };
		26E20EDAB6E8A3A92E361EC8 /* Offer.swift */ = {isa = PBXFileReference; lastKnownFileType = sourcecode.swift; path = Offer.swift; sourceTree = "<group>"; };
		2B821054CCDE606F9DD1B056 /* PersistenceController.swift */ = {isa = PBXFileReference; lastKnownFileType = sourcecode.swift; path = PersistenceController.swift; sourceTree = "<group>"; };
		2C089DDE4192CDE7BA3654D7 /* GoogleWebSearchProvider.swift */ = {isa = PBXFileReference; lastKnownFileType = sourcecode.swift; path = GoogleWebSearchProvider.swift; sourceTree = "<group>"; };
		2C53A6E1AAEBF25FB6BEE770 /* PriceParser.swift */ = {isa = PBXFileReference; lastKnownFileType = sourcecode.swift; path = PriceParser.swift; sourceTree = "<group>"; };
		2D789D4FC0E2730BBDA51869 /* AppSettings.swift */ = {isa = PBXFileReference; lastKnownFileType = sourcecode.swift; path = AppSettings.swift; sourceTree = "<group>"; };
		2E503D00BD8F94130113A2B2 /* RecognitionOverlay.swift */ = {isa = PBXFileReference; lastKnownFileType = sourcecode.swift; path = RecognitionOverlay.swift; sourceTree = "<group>"; };
		365F962141E320B8DB57623B /* google_malformed.html */ = {isa = PBXFileReference; lastKnownFileType = text.html; path = google_malformed.html; sourceTree = "<group>"; };
		3802FBE5B3772A1897DD9038 /* allegro_listing_success.html */ = {isa = PBXFileReference; lastKnownFileType = text.html; path = allegro_listing_success.html; sourceTree = "<group>"; };
		3923D022E0FC49CAF7117854 /* AllegroSearchURLBuilder.swift */ = {isa = PBXFileReference; lastKnownFileType = sourcecode.swift; path = AllegroSearchURLBuilder.swift; sourceTree = "<group>"; };
		398C3E7F42A9D5956792C4B1 /* RecognitionService.swift */ = {isa = PBXFileReference; lastKnownFileType = sourcecode.swift; path = RecognitionService.swift; sourceTree = "<group>"; };
		3D4583BE21879A603BF48B39 /* OfferMatcherTests.swift */ = {isa = PBXFileReference; lastKnownFileType = sourcecode.swift; path = OfferMatcherTests.swift; sourceTree = "<group>"; };
		3FECB67172B17FE8C6263E81 /* SearchProvider.swift */ = {isa = PBXFileReference; lastKnownFileType = sourcecode.swift; path = SearchProvider.swift; sourceTree = "<group>"; };
		401D1F22F1B32DCE6D1ED875 /* FloatingIconButton.swift */ = {isa = PBXFileReference; lastKnownFileType = sourcecode.swift; path = FloatingIconButton.swift; sourceTree = "<group>"; };
		437BFA93EDC0DEC36E66415F /* TextNormalizer.swift */ = {isa = PBXFileReference; lastKnownFileType = sourcecode.swift; path = TextNormalizer.swift; sourceTree = "<group>"; };
		4430BC6949A2ED6006F8A575 /* InlineErrorState.swift */ = {isa = PBXFileReference; lastKnownFileType = sourcecode.swift; path = InlineErrorState.swift; sourceTree = "<group>"; };
		45861E1D1749F05682FFF5FA /* DecisionEngine.swift */ = {isa = PBXFileReference; lastKnownFileType = sourcecode.swift; path = DecisionEngine.swift; sourceTree = "<group>"; };
		4F76F935FE0A9F9335987332 /* WebPageLoader.swift */ = {isa = PBXFileReference; lastKnownFileType = sourcecode.swift; path = WebPageLoader.swift; sourceTree = "<group>"; };
		5A34796790CD78814B307427 /* AppLanguage.swift */ = {isa = PBXFileReference; lastKnownFileType = sourcecode.swift; path = AppLanguage.swift; sourceTree = "<group>"; };
		5B44640262182725C0797247 /* AppContainer.swift */ = {isa = PBXFileReference; lastKnownFileType = sourcecode.swift; path = AppContainer.swift; sourceTree = "<group>"; };
		5D88B3A51E58F4AD689B016A /* Money.swift */ = {isa = PBXFileReference; lastKnownFileType = sourcecode.swift; path = Money.swift; sourceTree = "<group>"; };
		624C46D9CD797525679C6063 /* DecisionAndSortingTests.swift */ = {isa = PBXFileReference; lastKnownFileType = sourcecode.swift; path = DecisionAndSortingTests.swift; sourceTree = "<group>"; };
		6ECB91E076A342214231B2C8 /* RecognitionLexicon.swift */ = {isa = PBXFileReference; lastKnownFileType = sourcecode.swift; path = RecognitionLexicon.swift; sourceTree = "<group>"; };
		6FD3A740C8B24827A3CC2F07 /* ScanHistoryRecord.swift */ = {isa = PBXFileReference; lastKnownFileType = sourcecode.swift; path = ScanHistoryRecord.swift; sourceTree = "<group>"; };
		71E8230D103118180BAF40FE /* SearchCache.swift */ = {isa = PBXFileReference; lastKnownFileType = sourcecode.swift; path = SearchCache.swift; sourceTree = "<group>"; };
		74A2D53406E8C541C814AFD4 /* SmokeTests.swift */ = {isa = PBXFileReference; lastKnownFileType = sourcecode.swift; path = SmokeTests.swift; sourceTree = "<group>"; };
		79CA5AB696D8E8C66166F79D /* SearchCoordinator.swift */ = {isa = PBXFileReference; lastKnownFileType = sourcecode.swift; path = SearchCoordinator.swift; sourceTree = "<group>"; };
		7B18B80A1D7B20863083E57A /* Localizable.xcstrings */ = {isa = PBXFileReference; lastKnownFileType = text.json.xcstrings; path = Localizable.xcstrings; sourceTree = "<group>"; };
		7B36D17E768C01DC3A542C88 /* ScannerView.swift */ = {isa = PBXFileReference; lastKnownFileType = sourcecode.swift; path = ScannerView.swift; sourceTree = "<group>"; };
		7F43659B1C9895FC705C5335 /* AppRootView.swift */ = {isa = PBXFileReference; lastKnownFileType = sourcecode.swift; path = AppRootView.swift; sourceTree = "<group>"; };
		803EE7CE8C20B365A15D9B30 /* allegro_malformed.html */ = {isa = PBXFileReference; lastKnownFileType = text.html; path = allegro_malformed.html; sourceTree = "<group>"; };
		8D24B727FB0F34D5CC838F8D /* ScannerViewModel.swift */ = {isa = PBXFileReference; lastKnownFileType = sourcecode.swift; path = ScannerViewModel.swift; sourceTree = "<group>"; };
		8D359DD1EDF73E732382E50E /* SearchSession.swift */ = {isa = PBXFileReference; lastKnownFileType = sourcecode.swift; path = SearchSession.swift; sourceTree = "<group>"; };
		8E706249A2FB1960354C0EE2 /* PriceLens.app */ = {isa = PBXFileReference; includeInIndex = 0; lastKnownFileType = wrapper.application; path = PriceLens.app; sourceTree = BUILT_PRODUCTS_DIR; };
		8FD944FCD588CFC7EBCF8821 /* Log.swift */ = {isa = PBXFileReference; lastKnownFileType = sourcecode.swift; path = Log.swift; sourceTree = "<group>"; };
		9043432783F917B1E94FA3E6 /* Tokens.swift */ = {isa = PBXFileReference; lastKnownFileType = sourcecode.swift; path = Tokens.swift; sourceTree = "<group>"; };
		9485710FEE7FA8737950D6DC /* AppRoute.swift */ = {isa = PBXFileReference; lastKnownFileType = sourcecode.swift; path = AppRoute.swift; sourceTree = "<group>"; };
		9769DCCD8DDAC056C355066C /* ProductIdentity.swift */ = {isa = PBXFileReference; lastKnownFileType = sourcecode.swift; path = ProductIdentity.swift; sourceTree = "<group>"; };
		97F94D285DC5214B823D093F /* HistoryView.swift */ = {isa = PBXFileReference; lastKnownFileType = sourcecode.swift; path = HistoryView.swift; sourceTree = "<group>"; };
		9967EE09F2CE768B0505C4F1 /* DecisionBadge.swift */ = {isa = PBXFileReference; lastKnownFileType = sourcecode.swift; path = DecisionBadge.swift; sourceTree = "<group>"; };
		A589ED35D085463CE308DD90 /* PriceValueView.swift */ = {isa = PBXFileReference; lastKnownFileType = sourcecode.swift; path = PriceValueView.swift; sourceTree = "<group>"; };
		A7A79F96552B60FAEFC3DA89 /* ProductQueryBuilder.swift */ = {isa = PBXFileReference; lastKnownFileType = sourcecode.swift; path = ProductQueryBuilder.swift; sourceTree = "<group>"; };
		A8514D3522796C3102D4308E /* DataScannerRepresentable.swift */ = {isa = PBXFileReference; lastKnownFileType = sourcecode.swift; path = DataScannerRepresentable.swift; sourceTree = "<group>"; };
		AE6ABAB1DBBBF3C54A750D32 /* SettingsView.swift */ = {isa = PBXFileReference; lastKnownFileType = sourcecode.swift; path = SettingsView.swift; sourceTree = "<group>"; };
		B587E32BFB2B641E08201882 /* PriceParserTests.swift */ = {isa = PBXFileReference; lastKnownFileType = sourcecode.swift; path = PriceParserTests.swift; sourceTree = "<group>"; };
		B7A3D85189461A06E30B5667 /* ResultSheetView.swift */ = {isa = PBXFileReference; lastKnownFileType = sourcecode.swift; path = ResultSheetView.swift; sourceTree = "<group>"; };
		B8C0EAEFDB4D51672067A47C /* FixtureScannerProvider.swift */ = {isa = PBXFileReference; lastKnownFileType = sourcecode.swift; path = FixtureScannerProvider.swift; sourceTree = "<group>"; };
		BCB4A5B17E2E35DB9AEC7012 /* InfoPlist.xcstrings */ = {isa = PBXFileReference; lastKnownFileType = text.json.xcstrings; path = InfoPlist.xcstrings; sourceTree = "<group>"; };
		C16522E7041AF15BC586B047 /* GlassControl.swift */ = {isa = PBXFileReference; lastKnownFileType = sourcecode.swift; path = GlassControl.swift; sourceTree = "<group>"; };
		C1F09F51AB02FF2365F5193F /* ProviderStatusChip.swift */ = {isa = PBXFileReference; lastKnownFileType = sourcecode.swift; path = ProviderStatusChip.swift; sourceTree = "<group>"; };
		C4E8C05464F8EDDCAF9A4DAE /* HTTPClient.swift */ = {isa = PBXFileReference; lastKnownFileType = sourcecode.swift; path = HTTPClient.swift; sourceTree = "<group>"; };
		C7DE71539D25F4AFA046A4F2 /* FixtureSearchProvider.swift */ = {isa = PBXFileReference; lastKnownFileType = sourcecode.swift; path = FixtureSearchProvider.swift; sourceTree = "<group>"; };
		C810A15B681DBA561F33B962 /* OfferSorting.swift */ = {isa = PBXFileReference; lastKnownFileType = sourcecode.swift; path = OfferSorting.swift; sourceTree = "<group>"; };
		D43F9DAAAB47C2D55AEC15B4 /* AllegroOfferHTMLParser.swift */ = {isa = PBXFileReference; lastKnownFileType = sourcecode.swift; path = AllegroOfferHTMLParser.swift; sourceTree = "<group>"; };
		D4691C339F8DE93725EB4AE2 /* ProviderExtractionRules.json */ = {isa = PBXFileReference; lastKnownFileType = text.json; path = ProviderExtractionRules.json; sourceTree = "<group>"; };
		D4E6C739FD9F4CBD90F8A3A1 /* ScannerProvider.swift */ = {isa = PBXFileReference; lastKnownFileType = sourcecode.swift; path = ScannerProvider.swift; sourceTree = "<group>"; };
		D6F2D672F35FF921248ABA08 /* GoogleSearchURLBuilder.swift */ = {isa = PBXFileReference; lastKnownFileType = sourcecode.swift; path = GoogleSearchURLBuilder.swift; sourceTree = "<group>"; };
		DD790813A023E280CE76CDAC /* Assets.xcassets */ = {isa = PBXFileReference; lastKnownFileType = folder.assetcatalog; path = Assets.xcassets; sourceTree = "<group>"; };
		DE0ADA8B30181A1190617025 /* EmptyState.swift */ = {isa = PBXFileReference; lastKnownFileType = sourcecode.swift; path = EmptyState.swift; sourceTree = "<group>"; };
		E1150568B514B0C42B71CDE2 /* PriceLensUITests.xctest */ = {isa = PBXFileReference; includeInIndex = 0; lastKnownFileType = wrapper.cfbundle; path = PriceLensUITests.xctest; sourceTree = BUILT_PRODUCTS_DIR; };
		E15BF599CFC552759710B981 /* AllegroWebSearchProvider.swift */ = {isa = PBXFileReference; lastKnownFileType = sourcecode.swift; path = AllegroWebSearchProvider.swift; sourceTree = "<group>"; };
		E1AF15AA73C64F1CE66CD22E /* ProductQueryBuilderTests.swift */ = {isa = PBXFileReference; lastKnownFileType = sourcecode.swift; path = ProductQueryBuilderTests.swift; sourceTree = "<group>"; };
		E384B8023B637113175FF24F /* google_js_shell.html */ = {isa = PBXFileReference; lastKnownFileType = text.html; path = google_js_shell.html; sourceTree = "<group>"; };
		E8FF15B58ECA5F7D29522798 /* google_shopping_success.html */ = {isa = PBXFileReference; lastKnownFileType = text.html; path = google_shopping_success.html; sourceTree = "<group>"; };
		F00A154BEE5B93199DC1CE7E /* HistoryRepository.swift */ = {isa = PBXFileReference; lastKnownFileType = sourcecode.swift; path = HistoryRepository.swift; sourceTree = "<group>"; };
		F6E8583CE1E0109128535939 /* ScannerStatusCapsule.swift */ = {isa = PBXFileReference; lastKnownFileType = sourcecode.swift; path = ScannerStatusCapsule.swift; sourceTree = "<group>"; };
		F91D5E3B58E3E1151FC40709 /* URLNormalizer.swift */ = {isa = PBXFileReference; lastKnownFileType = sourcecode.swift; path = URLNormalizer.swift; sourceTree = "<group>"; };
		FAF5D9A92B464E6BD028862E /* OfferCard.swift */ = {isa = PBXFileReference; lastKnownFileType = sourcecode.swift; path = OfferCard.swift; sourceTree = "<group>"; };
		FBB9C06DF309488D38EAE579 /* AppConfig.swift */ = {isa = PBXFileReference; lastKnownFileType = sourcecode.swift; path = AppConfig.swift; sourceTree = "<group>"; };
		FFA56F5E80CA63C85D9B78D8 /* ResultsViewModel.swift */ = {isa = PBXFileReference; lastKnownFileType = sourcecode.swift; path = ResultsViewModel.swift; sourceTree = "<group>"; };
		FFB9547BCEA2366EE51B31D0 /* SmokeUITests.swift */ = {isa = PBXFileReference; lastKnownFileType = sourcecode.swift; path = SmokeUITests.swift; sourceTree = "<group>"; };
/* End PBXFileReference section */

/* Begin PBXFrameworksBuildPhase section */
		59BE6519320E473FCF316EFC /* Frameworks */ = {
			isa = PBXFrameworksBuildPhase;
			buildActionMask = 2147483647;
			files = (
				5E3342037946DC2166C9750E /* SwiftSoup in Frameworks */,
			);
			runOnlyForDeploymentPostprocessing = 0;
		};
/* End PBXFrameworksBuildPhase section */

/* Begin PBXGroup section */
		09F93376DBDE3BD5664D3C29 /* Google */ = {
			isa = PBXGroup;
			children = (
				0B4B79C56AB65178FBC90056 /* GoogleOfferHTMLParser.swift */,
				D6F2D672F35FF921248ABA08 /* GoogleSearchURLBuilder.swift */,
				2C089DDE4192CDE7BA3654D7 /* GoogleWebSearchProvider.swift */,
			);
			path = Google;
			sourceTree = "<group>";
		};
		1205B5590C0E5F693D708DDF /* Utilities */ = {
			isa = PBXGroup;
			children = (
				FBB9C06DF309488D38EAE579 /* AppConfig.swift */,
				5A34796790CD78814B307427 /* AppLanguage.swift */,
				2D789D4FC0E2730BBDA51869 /* AppSettings.swift */,
			);
			path = Utilities;
			sourceTree = "<group>";
		};
		146B33FA2BFDBA6DF92DA232 /* Search */ = {
			isa = PBXGroup;
			children = (
				739E8BF4F063EFFCE5F5E0AD /* Allegro */,
				09F93376DBDE3BD5664D3C29 /* Google */,
				C7DE71539D25F4AFA046A4F2 /* FixtureSearchProvider.swift */,
				112A893EC0F5B45DF9548815 /* PageClassifier.swift */,
				71E8230D103118180BAF40FE /* SearchCache.swift */,
				79CA5AB696D8E8C66166F79D /* SearchCoordinator.swift */,
				3FECB67172B17FE8C6263E81 /* SearchProvider.swift */,
				0D5DCDFBDA968D30E31FFCD6 /* StructuredDataExtractor.swift */,
				F91D5E3B58E3E1151FC40709 /* URLNormalizer.swift */,
				4F76F935FE0A9F9335987332 /* WebPageLoader.swift */,
			);
			path = Search;
			sourceTree = "<group>";
		};
		150632B127D5C0758109BDE9 /* Results */ = {
			isa = PBXGroup;
			children = (
				B7A3D85189461A06E30B5667 /* ResultSheetView.swift */,
				FFA56F5E80CA63C85D9B78D8 /* ResultsViewModel.swift */,
			);
			path = Results;
			sourceTree = "<group>";
		};
		1AB107D739E2C6208E74024C /* Providers */ = {
			isa = PBXGroup;
			children = (
				122C53457EECB3F995FFE667 /* allegro_datadome.html */,
				3802FBE5B3772A1897DD9038 /* allegro_listing_success.html */,
				803EE7CE8C20B365A15D9B30 /* allegro_malformed.html */,
				0AB2238F54E6DDD3599B44C8 /* allegro_noresults.html */,
				E384B8023B637113175FF24F /* google_js_shell.html */,
				365F962141E320B8DB57623B /* google_malformed.html */,
				26952965B0322A71FCD5865E /* google_shopping_noresults.html */,
				E8FF15B58ECA5F7D29522798 /* google_shopping_success.html */,
			);
			path = Providers;
			sourceTree = "<group>";
		};
		20563DBB5F3F07B1D7079D6E /* Resources */ = {
			isa = PBXGroup;
			children = (
				DD790813A023E280CE76CDAC /* Assets.xcassets */,
				7B18B80A1D7B20863083E57A /* Localizable.xcstrings */,
				D4691C339F8DE93725EB4AE2 /* ProviderExtractionRules.json */,
			);
			path = Resources;
			sourceTree = "<group>";
		};
		303DE4B2F324063C8C9862B5 /* Tokens */ = {
			isa = PBXGroup;
			children = (
				9043432783F917B1E94FA3E6 /* Tokens.swift */,
			);
			path = Tokens;
			sourceTree = "<group>";
		};
		337A615984B7E209FB251222 /* Scanner */ = {
			isa = PBXGroup;
			children = (
				7B36D17E768C01DC3A542C88 /* ScannerView.swift */,
				8D24B727FB0F34D5CC838F8D /* ScannerViewModel.swift */,
			);
			path = Scanner;
			sourceTree = "<group>";
		};
		3BD8AEB5E30E351D8F254198 /* PriceLens */ = {
			isa = PBXGroup;
			children = (
				C55BE45D299F64179085D25D /* App */,
				B7DC2CEDACB3E6EC684FDDD3 /* Core */,
				73ED05528693FE99B36A2B60 /* DesignSystem */,
				80D5D4D1A60B6152594F1FA2 /* Features */,
				6B9498DDBB1E84324D2CD524 /* Models */,
				9BFD8C6339253AED67B420BF /* Persistence */,
				20563DBB5F3F07B1D7079D6E /* Resources */,
				E28118BBD4B9457937DA9106 /* Supporting */,
			);
			path = PriceLens;
			sourceTree = "<group>";
		};
		437AA1F72DD3AE576A8B9422 /* Matching */ = {
			isa = PBXGroup;
			children = (
				45861E1D1749F05682FFF5FA /* DecisionEngine.swift */,
				23CA0C52356C7DFA98DC4525 /* OfferMatcher.swift */,
				C810A15B681DBA561F33B962 /* OfferSorting.swift */,
			);
			path = Matching;
			sourceTree = "<group>";
		};
		5C53FB3B127A92590C3C192E /* Logging */ = {
			isa = PBXGroup;
			children = (
				8FD944FCD588CFC7EBCF8821 /* Log.swift */,
			);
			path = Logging;
			sourceTree = "<group>";
		};
		6B9498DDBB1E84324D2CD524 /* Models */ = {
			isa = PBXGroup;
			children = (
				5D88B3A51E58F4AD689B016A /* Money.swift */,
				26E20EDAB6E8A3A92E361EC8 /* Offer.swift */,
				9769DCCD8DDAC056C355066C /* ProductIdentity.swift */,
				8D359DD1EDF73E732382E50E /* SearchSession.swift */,
			);
			path = Models;
			sourceTree = "<group>";
		};
		6EF56736F3D6148865B7C833 = {
			isa = PBXGroup;
			children = (
				3BD8AEB5E30E351D8F254198 /* PriceLens */,
				CEF5ACA23834EE6DE372BC91 /* PriceLensTests */,
				FA602B1689673D52F5E8E3D8 /* PriceLensUITests */,
				F1E4D6D03E3DF7C16090F06A /* TestFixtures */,
				9D1E27536F2AEC0F9DE22A2A /* Products */,
			);
			sourceTree = "<group>";
		};
		70B338C30B226CB8F40120F5 /* History */ = {
			isa = PBXGroup;
			children = (
				97F94D285DC5214B823D093F /* HistoryView.swift */,
			);
			path = History;
			sourceTree = "<group>";
		};
		739E8BF4F063EFFCE5F5E0AD /* Allegro */ = {
			isa = PBXGroup;
			children = (
				D43F9DAAAB47C2D55AEC15B4 /* AllegroOfferHTMLParser.swift */,
				3923D022E0FC49CAF7117854 /* AllegroSearchURLBuilder.swift */,
				E15BF599CFC552759710B981 /* AllegroWebSearchProvider.swift */,
			);
			path = Allegro;
			sourceTree = "<group>";
		};
		73ED05528693FE99B36A2B60 /* DesignSystem */ = {
			isa = PBXGroup;
			children = (
				CA12D23DCEB711C39C0F6A9D /* Components */,
				303DE4B2F324063C8C9862B5 /* Tokens */,
			);
			path = DesignSystem;
			sourceTree = "<group>";
		};
		80D5D4D1A60B6152594F1FA2 /* Features */ = {
			isa = PBXGroup;
			children = (
				70B338C30B226CB8F40120F5 /* History */,
				150632B127D5C0758109BDE9 /* Results */,
				337A615984B7E209FB251222 /* Scanner */,
				C9C4849FC54FBFF71E267AD4 /* Settings */,
			);
			path = Features;
			sourceTree = "<group>";
		};
		81119EC183DFEA74F7B09359 /* Camera */ = {
			isa = PBXGroup;
			children = (
				A8514D3522796C3102D4308E /* DataScannerRepresentable.swift */,
				B8C0EAEFDB4D51672067A47C /* FixtureScannerProvider.swift */,
				1DB4AFF53DF9777638F48A72 /* LiveScannerProvider.swift */,
				D4E6C739FD9F4CBD90F8A3A1 /* ScannerProvider.swift */,
			);
			path = Camera;
			sourceTree = "<group>";
		};
		883122529C2C4AEF2887A66C /* Networking */ = {
			isa = PBXGroup;
			children = (
				C4E8C05464F8EDDCAF9A4DAE /* HTTPClient.swift */,
			);
			path = Networking;
			sourceTree = "<group>";
		};
		9BFD8C6339253AED67B420BF /* Persistence */ = {
			isa = PBXGroup;
			children = (
				F00A154BEE5B93199DC1CE7E /* HistoryRepository.swift */,
				2B821054CCDE606F9DD1B056 /* PersistenceController.swift */,
				6FD3A740C8B24827A3CC2F07 /* ScanHistoryRecord.swift */,
				03E2E92AAAF8267CCC85E18E /* SearchCacheRecord.swift */,
			);
			path = Persistence;
			sourceTree = "<group>";
		};
		9D1E27536F2AEC0F9DE22A2A /* Products */ = {
			isa = PBXGroup;
			children = (
				8E706249A2FB1960354C0EE2 /* PriceLens.app */,
				02BF75AB243AEACD1B782D8C /* PriceLensTests.xctest */,
				E1150568B514B0C42B71CDE2 /* PriceLensUITests.xctest */,
			);
			name = Products;
			sourceTree = "<group>";
		};
		B7DC2CEDACB3E6EC684FDDD3 /* Core */ = {
			isa = PBXGroup;
			children = (
				81119EC183DFEA74F7B09359 /* Camera */,
				5C53FB3B127A92590C3C192E /* Logging */,
				437AA1F72DD3AE576A8B9422 /* Matching */,
				E8CD5D73A85C12C01C8D1A82 /* Money */,
				883122529C2C4AEF2887A66C /* Networking */,
				C37D5064891237EFE4B6B518 /* Recognition */,
				146B33FA2BFDBA6DF92DA232 /* Search */,
				1205B5590C0E5F693D708DDF /* Utilities */,
			);
			path = Core;
			sourceTree = "<group>";
		};
		C37D5064891237EFE4B6B518 /* Recognition */ = {
			isa = PBXGroup;
			children = (
				1792DDF52C961674F1CB0E79 /* BarcodeNormalizer.swift */,
				A7A79F96552B60FAEFC3DA89 /* ProductQueryBuilder.swift */,
				6ECB91E076A342214231B2C8 /* RecognitionLexicon.swift */,
				398C3E7F42A9D5956792C4B1 /* RecognitionService.swift */,
				437BFA93EDC0DEC36E66415F /* TextNormalizer.swift */,
			);
			path = Recognition;
			sourceTree = "<group>";
		};
		C55BE45D299F64179085D25D /* App */ = {
			isa = PBXGroup;
			children = (
				5B44640262182725C0797247 /* AppContainer.swift */,
				7F43659B1C9895FC705C5335 /* AppRootView.swift */,
				9485710FEE7FA8737950D6DC /* AppRoute.swift */,
				097A94313C652116DBDBEE79 /* PriceLensApp.swift */,
			);
			path = App;
			sourceTree = "<group>";
		};
		C9C4849FC54FBFF71E267AD4 /* Settings */ = {
			isa = PBXGroup;
			children = (
				047427D1FCE839C4B7797E2A /* ProviderDiagnosticsView.swift */,
				AE6ABAB1DBBBF3C54A750D32 /* SettingsView.swift */,
			);
			path = Settings;
			sourceTree = "<group>";
		};
		CA12D23DCEB711C39C0F6A9D /* Components */ = {
			isa = PBXGroup;
			children = (
				9967EE09F2CE768B0505C4F1 /* DecisionBadge.swift */,
				DE0ADA8B30181A1190617025 /* EmptyState.swift */,
				401D1F22F1B32DCE6D1ED875 /* FloatingIconButton.swift */,
				C16522E7041AF15BC586B047 /* GlassControl.swift */,
				4430BC6949A2ED6006F8A575 /* InlineErrorState.swift */,
				FAF5D9A92B464E6BD028862E /* OfferCard.swift */,
				A589ED35D085463CE308DD90 /* PriceValueView.swift */,
				C1F09F51AB02FF2365F5193F /* ProviderStatusChip.swift */,
				2E503D00BD8F94130113A2B2 /* RecognitionOverlay.swift */,
				F6E8583CE1E0109128535939 /* ScannerStatusCapsule.swift */,
			);
			path = Components;
			sourceTree = "<group>";
		};
		CEF5ACA23834EE6DE372BC91 /* PriceLensTests */ = {
			isa = PBXGroup;
			children = (
				1AA75D95DEA5154DB996661E /* BarcodeNormalizerTests.swift */,
				624C46D9CD797525679C6063 /* DecisionAndSortingTests.swift */,
				3D4583BE21879A603BF48B39 /* OfferMatcherTests.swift */,
				B587E32BFB2B641E08201882 /* PriceParserTests.swift */,
				E1AF15AA73C64F1CE66CD22E /* ProductQueryBuilderTests.swift */,
				74A2D53406E8C541C814AFD4 /* SmokeTests.swift */,
			);
			path = PriceLensTests;
			sourceTree = "<group>";
		};
		E28118BBD4B9457937DA9106 /* Supporting */ = {
			isa = PBXGroup;
			children = (
				BCB4A5B17E2E35DB9AEC7012 /* InfoPlist.xcstrings */,
			);
			path = Supporting;
			sourceTree = "<group>";
		};
		E8CD5D73A85C12C01C8D1A82 /* Money */ = {
			isa = PBXGroup;
			children = (
				2C53A6E1AAEBF25FB6BEE770 /* PriceParser.swift */,
			);
			path = Money;
			sourceTree = "<group>";
		};
		F1E4D6D03E3DF7C16090F06A /* TestFixtures */ = {
			isa = PBXGroup;
			children = (
				1AB107D739E2C6208E74024C /* Providers */,
			);
			path = TestFixtures;
			sourceTree = "<group>";
		};
		FA602B1689673D52F5E8E3D8 /* PriceLensUITests */ = {
			isa = PBXGroup;
			children = (
				FFB9547BCEA2366EE51B31D0 /* SmokeUITests.swift */,
			);
			path = PriceLensUITests;
			sourceTree = "<group>";
		};
/* End PBXGroup section */

/* Begin PBXNativeTarget section */
		2032D6184331B8E71700B30B /* PriceLensUITests */ = {
			isa = PBXNativeTarget;
			buildConfigurationList = 8ED81CB8F75FBEE5E64D1E5C /* Build configuration list for PBXNativeTarget "PriceLensUITests" */;
			buildPhases = (
				600BAF63ECCE07736D57C373 /* Sources */,
			);
			buildRules = (
			);
			dependencies = (
				FD60B010123943D8EABA40D3 /* PBXTargetDependency */,
			);
			name = PriceLensUITests;
			packageProductDependencies = (
			);
			productName = PriceLensUITests;
			productReference = E1150568B514B0C42B71CDE2 /* PriceLensUITests.xctest */;
			productType = "com.apple.product-type.bundle.ui-testing";
		};
		BFCDAE8F7ABD194B6C952A3F /* PriceLensTests */ = {
			isa = PBXNativeTarget;
			buildConfigurationList = 5D09D3FF2FFDCDA34166D1FA /* Build configuration list for PBXNativeTarget "PriceLensTests" */;
			buildPhases = (
				19443F09B242904049A7B8C7 /* Sources */,
				F18D11DE184FCD038A486AC4 /* Resources */,
			);
			buildRules = (
			);
			dependencies = (
				A3E96EA20985D883CE1459A7 /* PBXTargetDependency */,
			);
			name = PriceLensTests;
			packageProductDependencies = (
			);
			productName = PriceLensTests;
			productReference = 02BF75AB243AEACD1B782D8C /* PriceLensTests.xctest */;
			productType = "com.apple.product-type.bundle.unit-test";
		};
		E01F8C3AA790DFF4E9D29D31 /* PriceLens */ = {
			isa = PBXNativeTarget;
			buildConfigurationList = 4045A9A845EF9863DCB8ACE5 /* Build configuration list for PBXNativeTarget "PriceLens" */;
			buildPhases = (
				67ADDB82EB8F59BF655B042A /* Sources */,
				1FE55129A26B88E3B10CF709 /* Resources */,
				59BE6519320E473FCF316EFC /* Frameworks */,
			);
			buildRules = (
			);
			dependencies = (
			);
			name = PriceLens;
			packageProductDependencies = (
				5D20ECC398696FBDD98DADA5 /* SwiftSoup */,
			);
			productName = PriceLens;
			productReference = 8E706249A2FB1960354C0EE2 /* PriceLens.app */;
			productType = "com.apple.product-type.application";
		};
/* End PBXNativeTarget section */

/* Begin PBXProject section */
		99B1FD5EDC0333013D3722FF /* Project object */ = {
			isa = PBXProject;
			attributes = {
				BuildIndependentTargetsInParallel = YES;
				LastUpgradeCheck = 1430;
				TargetAttributes = {
					2032D6184331B8E71700B30B = {
						DevelopmentTeam = "";
						ProvisioningStyle = Automatic;
						TestTargetID = E01F8C3AA790DFF4E9D29D31;
					};
					BFCDAE8F7ABD194B6C952A3F = {
						DevelopmentTeam = "";
						ProvisioningStyle = Automatic;
					};
					E01F8C3AA790DFF4E9D29D31 = {
						DevelopmentTeam = "";
						ProvisioningStyle = Automatic;
					};
				};
			};
			buildConfigurationList = DFE2C05782AD8C5E8AD57972 /* Build configuration list for PBXProject "PriceLens" */;
			developmentRegion = en;
			hasScannedForEncodings = 0;
			knownRegions = (
				Base,
				en,
				ru,
			);
			mainGroup = 6EF56736F3D6148865B7C833;
			minimizedProjectReferenceProxies = 1;
			packageReferences = (
				31DA408D416E4D93134F8E4D /* XCRemoteSwiftPackageReference "SwiftSoup" */,
			);
			preferredProjectObjectVersion = 77;
			productRefGroup = 9D1E27536F2AEC0F9DE22A2A /* Products */;
			projectDirPath = "";
			projectRoot = "";
			targets = (
				E01F8C3AA790DFF4E9D29D31 /* PriceLens */,
				BFCDAE8F7ABD194B6C952A3F /* PriceLensTests */,
				2032D6184331B8E71700B30B /* PriceLensUITests */,
			);
		};
/* End PBXProject section */

/* Begin PBXResourcesBuildPhase section */
		1FE55129A26B88E3B10CF709 /* Resources */ = {
			isa = PBXResourcesBuildPhase;
			buildActionMask = 2147483647;
			files = (
				1F8A3F9A45FF0D52FC59A9B2 /* Assets.xcassets in Resources */,
				2988D0098C3E4D95DB462E8F /* InfoPlist.xcstrings in Resources */,
				8575CE67D43CF5CC1B814BB8 /* Localizable.xcstrings in Resources */,
				C383AF3BBB85E8AA908302FC /* ProviderExtractionRules.json in Resources */,
			);
			runOnlyForDeploymentPostprocessing = 0;
		};
		F18D11DE184FCD038A486AC4 /* Resources */ = {
			isa = PBXResourcesBuildPhase;
			buildActionMask = 2147483647;
			files = (
				81A246642340D5EB206E8A8E /* allegro_datadome.html in Resources */,
				199C6DCB840C31657FAFE4BC /* allegro_listing_success.html in Resources */,
				0F902799B765204F820F50D8 /* allegro_malformed.html in Resources */,
				AE066567F85F6BDE56B3B92A /* allegro_noresults.html in Resources */,
				53F9EA289D2DD2BCD705CD56 /* google_js_shell.html in Resources */,
				E75E3E64BE4D20B1BB19AFC7 /* google_malformed.html in Resources */,
				58D5F309B7309ABCEEBC1604 /* google_shopping_noresults.html in Resources */,
				AC46034F9669CD841B9643AF /* google_shopping_success.html in Resources */,
			);
			runOnlyForDeploymentPostprocessing = 0;
		};
/* End PBXResourcesBuildPhase section */

/* Begin PBXSourcesBuildPhase section */
		19443F09B242904049A7B8C7 /* Sources */ = {
			isa = PBXSourcesBuildPhase;
			buildActionMask = 2147483647;
			files = (
				16819913430677CA83617531 /* BarcodeNormalizerTests.swift in Sources */,
				BB3DDEF59ACEBC4D3E065F52 /* DecisionAndSortingTests.swift in Sources */,
				365EA2DB4B8D8FA47719D3BA /* OfferMatcherTests.swift in Sources */,
				F6864D4AD0BB8EF4AB6E92EB /* PriceParserTests.swift in Sources */,
				890F0E97269C6635D9EAE38F /* ProductQueryBuilderTests.swift in Sources */,
				74CFA9A1F37D352D2F2422BB /* SmokeTests.swift in Sources */,
			);
			runOnlyForDeploymentPostprocessing = 0;
		};
		600BAF63ECCE07736D57C373 /* Sources */ = {
			isa = PBXSourcesBuildPhase;
			buildActionMask = 2147483647;
			files = (
				35836F114150CD4073ABF435 /* SmokeUITests.swift in Sources */,
			);
			runOnlyForDeploymentPostprocessing = 0;
		};
		67ADDB82EB8F59BF655B042A /* Sources */ = {
			isa = PBXSourcesBuildPhase;
			buildActionMask = 2147483647;
			files = (
				D8A7E4B4D110EC81D57A4007 /* AllegroOfferHTMLParser.swift in Sources */,
				DA9A4263815B626647360F8A /* AllegroSearchURLBuilder.swift in Sources */,
				85A202D3AC609352E7F64630 /* AllegroWebSearchProvider.swift in Sources */,
				15021F7179AF8F2EDB501B4D /* AppConfig.swift in Sources */,
				948628418D54652AB2FE3C80 /* AppContainer.swift in Sources */,
				F3B52F9C71AEB5BF93499631 /* AppLanguage.swift in Sources */,
				DB291E2E168C8B64EFC1254B /* AppRootView.swift in Sources */,
				9A54822DDDC92E67883FC53B /* AppRoute.swift in Sources */,
				606B286D068AFF7678CCA535 /* AppSettings.swift in Sources */,
				4962C8804D77DB43CE37A49E /* BarcodeNormalizer.swift in Sources */,
				A16196F1B4057AD9667B00CA /* DataScannerRepresentable.swift in Sources */,
				C649034F3543B4DEA230E41B /* DecisionBadge.swift in Sources */,
				D0BEC79C3EA2EF1EFD4BCB58 /* DecisionEngine.swift in Sources */,
				AA556EF2CBD7C6300CFC1201 /* EmptyState.swift in Sources */,
				7104A54AB4B9B34F62BA599B /* FixtureScannerProvider.swift in Sources */,
				D90F274F11F10A837A9E02BE /* FixtureSearchProvider.swift in Sources */,
				D61CBBC7D78ECB4AD91E9B34 /* FloatingIconButton.swift in Sources */,
				B167B27CBF3DEDA297749E3C /* GlassControl.swift in Sources */,
				7288B504FE5EF25089597C24 /* GoogleOfferHTMLParser.swift in Sources */,
				B291E9DF6F45690FD1246F14 /* GoogleSearchURLBuilder.swift in Sources */,
				5684ECCC0DD6D99D9276A6A1 /* GoogleWebSearchProvider.swift in Sources */,
				B5EEB009B4F5326F414E8661 /* HTTPClient.swift in Sources */,
				71FD9F5EFE63E7FF7F31A37B /* HistoryRepository.swift in Sources */,
				598CCF116C6FA4B9674E8C24 /* HistoryView.swift in Sources */,
				F478A23FB15E46BDBF1FEE97 /* InlineErrorState.swift in Sources */,
				541564CECF1C20A2BCD29C7D /* LiveScannerProvider.swift in Sources */,
				95873237EBAECD459697FCED /* Log.swift in Sources */,
				44ECB6F249E12D1BCFC7AC60 /* Money.swift in Sources */,
				07D4FCFC2D0BE225F3A6C57D /* Offer.swift in Sources */,
				18D3E4A1DA3D98758A5FE40A /* OfferCard.swift in Sources */,
				8C42A32B5BE2800F8ECE6D70 /* OfferMatcher.swift in Sources */,
				90D542C6E46CF6B7A451B200 /* OfferSorting.swift in Sources */,
				457FC39807F20370E419B779 /* PageClassifier.swift in Sources */,
				9FE84D11F5653FC13A76C3F0 /* PersistenceController.swift in Sources */,
				E989636387CBAC15C347E594 /* PriceLensApp.swift in Sources */,
				C0A5CDF79063E46CFB64BA15 /* PriceParser.swift in Sources */,
				D53319014BD641B0CFAE6C50 /* PriceValueView.swift in Sources */,
				7BBB2A76247DFDC527D2145F /* ProductIdentity.swift in Sources */,
				9DAA9767FA59C518B4A6FC72 /* ProductQueryBuilder.swift in Sources */,
				3B174DD2130023921E7C7816 /* ProviderDiagnosticsView.swift in Sources */,
				73EF635ADF538A6A76892B97 /* ProviderStatusChip.swift in Sources */,
				F734736871345777DC679C6B /* RecognitionLexicon.swift in Sources */,
				D988DEEC3500D759D5705A5F /* RecognitionOverlay.swift in Sources */,
				D8743EE8F5E27D82304E29A7 /* RecognitionService.swift in Sources */,
				E3E69203305D866DCA83E87A /* ResultSheetView.swift in Sources */,
				770955572208D70F4F8E6A71 /* ResultsViewModel.swift in Sources */,
				907F2F3ABA52FEFF4EADF61F /* ScanHistoryRecord.swift in Sources */,
				F01971272C7BCA07D0C3329E /* ScannerProvider.swift in Sources */,
				8E9FF0C724751BC8BBFD06FE /* ScannerStatusCapsule.swift in Sources */,
				02124130D6D8D7B74F082D3A /* ScannerView.swift in Sources */,
				AF2C25767AB3CBB9FF6C09FF /* ScannerViewModel.swift in Sources */,
				B3B54C2993F56B7AE709FAC7 /* SearchCache.swift in Sources */,
				C54849472A6C1CE1CF436B50 /* SearchCacheRecord.swift in Sources */,
				8009B4378D4925EEADA2D1EF /* SearchCoordinator.swift in Sources */,
				A9E48EFA5939C7442CA52142 /* SearchProvider.swift in Sources */,
				3D210B2F35C4313CA81DA1EB /* SearchSession.swift in Sources */,
				8FB2D89D98F924FEAD837BD1 /* SettingsView.swift in Sources */,
				C050D148E68CBF062DDC5202 /* StructuredDataExtractor.swift in Sources */,
				36152920F35FDF5E07EE6DD1 /* TextNormalizer.swift in Sources */,
				D24B0AEDCF82C33953C9CD38 /* Tokens.swift in Sources */,
				9CDE4E37A60141C1BFED7443 /* URLNormalizer.swift in Sources */,
				FFFA3FAEB258B110DAAFB8B7 /* WebPageLoader.swift in Sources */,
			);
			runOnlyForDeploymentPostprocessing = 0;
		};
/* End PBXSourcesBuildPhase section */

/* Begin PBXTargetDependency section */
		A3E96EA20985D883CE1459A7 /* PBXTargetDependency */ = {
			isa = PBXTargetDependency;
			target = E01F8C3AA790DFF4E9D29D31 /* PriceLens */;
			targetProxy = DF227240923BC99361AD75B8 /* PBXContainerItemProxy */;
		};
		FD60B010123943D8EABA40D3 /* PBXTargetDependency */ = {
			isa = PBXTargetDependency;
			target = E01F8C3AA790DFF4E9D29D31 /* PriceLens */;
			targetProxy = 9514A5B94E1C70E24D0E738C /* PBXContainerItemProxy */;
		};
/* End PBXTargetDependency section */

/* Begin XCBuildConfiguration section */
		11761CF207B49355BFE6D3E7 /* Debug */ = {
			isa = XCBuildConfiguration;
			buildSettings = {
				ASSETCATALOG_COMPILER_APPICON_NAME = AppIcon;
				CODE_SIGN_IDENTITY = "iPhone Developer";
				LD_RUNPATH_SEARCH_PATHS = (
					"$(inherited)",
					"@executable_path/Frameworks",
				);
				PRODUCT_BUNDLE_IDENTIFIER = com.itonus.PriceLens;
				SDKROOT = iphoneos;
				TARGETED_DEVICE_FAMILY = "1,2";
			};
			name = Debug;
		};
		1FF62645CE074DEB69EF1E27 /* Debug */ = {
			isa = XCBuildConfiguration;
			buildSettings = {
				ALWAYS_SEARCH_USER_PATHS = NO;
				CLANG_ANALYZER_NONNULL = YES;
				CLANG_ANALYZER_NUMBER_OBJECT_CONVERSION = YES_AGGRESSIVE;
				CLANG_CXX_LANGUAGE_STANDARD = "gnu++14";
				CLANG_CXX_LIBRARY = "libc++";
				CLANG_ENABLE_MODULES = YES;
				CLANG_ENABLE_OBJC_ARC = YES;
				CLANG_ENABLE_OBJC_WEAK = YES;
				CLANG_WARN_BLOCK_CAPTURE_AUTORELEASING = YES;
				CLANG_WARN_BOOL_CONVERSION = YES;
				CLANG_WARN_COMMA = YES;
				CLANG_WARN_CONSTANT_CONVERSION = YES;
				CLANG_WARN_DEPRECATED_OBJC_IMPLEMENTATIONS = YES;
				CLANG_WARN_DIRECT_OBJC_ISA_USAGE = YES_ERROR;
				CLANG_WARN_DOCUMENTATION_COMMENTS = YES;
				CLANG_WARN_EMPTY_BODY = YES;
				CLANG_WARN_ENUM_CONVERSION = YES;
				CLANG_WARN_INFINITE_RECURSION = YES;
				CLANG_WARN_INT_CONVERSION = YES;
				CLANG_WARN_NON_LITERAL_NULL_CONVERSION = YES;
				CLANG_WARN_OBJC_IMPLICIT_RETAIN_SELF = YES;
				CLANG_WARN_OBJC_LITERAL_CONVERSION = YES;
				CLANG_WARN_OBJC_ROOT_CLASS = YES_ERROR;
				CLANG_WARN_QUOTED_INCLUDE_IN_FRAMEWORK_HEADER = YES;
				CLANG_WARN_RANGE_LOOP_ANALYSIS = YES;
				CLANG_WARN_STRICT_PROTOTYPES = YES;
				CLANG_WARN_SUSPICIOUS_MOVE = YES;
				CLANG_WARN_UNGUARDED_AVAILABILITY = YES_AGGRESSIVE;
				CLANG_WARN_UNREACHABLE_CODE = YES;
				CLANG_WARN__DUPLICATE_METHOD_MATCH = YES;
				CODE_SIGN_STYLE = Automatic;
				COPY_PHASE_STRIP = NO;
				CURRENT_PROJECT_VERSION = 1;
				DEBUG_INFORMATION_FORMAT = dwarf;
				DEVELOPMENT_TEAM = "";
				ENABLE_STRICT_OBJC_MSGSEND = YES;
				ENABLE_TESTABILITY = YES;
				ENABLE_USER_SCRIPT_SANDBOXING = YES;
				GCC_C_LANGUAGE_STANDARD = gnu11;
				GCC_DYNAMIC_NO_PIC = NO;
				GCC_NO_COMMON_BLOCKS = YES;
				GCC_OPTIMIZATION_LEVEL = 0;
				GCC_PREPROCESSOR_DEFINITIONS = (
					"$(inherited)",
					"DEBUG=1",
				);
				GCC_WARN_64_TO_32_BIT_CONVERSION = YES;
				GCC_WARN_ABOUT_RETURN_TYPE = YES_ERROR;
				GCC_WARN_UNDECLARED_SELECTOR = YES;
				GCC_WARN_UNINITIALIZED_AUTOS = YES_AGGRESSIVE;
				GCC_WARN_UNUSED_FUNCTION = YES;
				GCC_WARN_UNUSED_VARIABLE = YES;
				GENERATE_INFOPLIST_FILE = YES;
				INFOPLIST_KEY_CFBundleDisplayName = PriceLens;
				INFOPLIST_KEY_NSCameraUsageDescription = "PriceLens uses the camera to recognize product barcodes, labels, and prices for comparison.";
				INFOPLIST_KEY_UIApplicationSceneManifest_Generation = YES;
				INFOPLIST_KEY_UILaunchScreen_Generation = YES;
				INFOPLIST_KEY_UISupportedInterfaceOrientations = UIInterfaceOrientationPortrait;
				IPHONEOS_DEPLOYMENT_TARGET = 18.0;
				MARKETING_VERSION = 0.1.0;
				MTL_ENABLE_DEBUG_INFO = INCLUDE_SOURCE;
				MTL_FAST_MATH = YES;
				ONLY_ACTIVE_ARCH = YES;
				PRODUCT_NAME = "$(TARGET_NAME)";
				SDKROOT = iphoneos;
				SWIFT_ACTIVE_COMPILATION_CONDITIONS = DEBUG;
				SWIFT_OPTIMIZATION_LEVEL = "-Onone";
				SWIFT_VERSION = 6.0;
				TARGETED_DEVICE_FAMILY = 1;
			};
			name = Debug;
		};
		5F7E9DAE6E08A760AB96FD10 /* Release */ = {
			isa = XCBuildConfiguration;
			buildSettings = {
				ASSETCATALOG_COMPILER_APPICON_NAME = AppIcon;
				CODE_SIGN_IDENTITY = "iPhone Developer";
				LD_RUNPATH_SEARCH_PATHS = (
					"$(inherited)",
					"@executable_path/Frameworks",
				);
				PRODUCT_BUNDLE_IDENTIFIER = com.itonus.PriceLens;
				SDKROOT = iphoneos;
				TARGETED_DEVICE_FAMILY = "1,2";
			};
			name = Release;
		};
		77E6BCFE41C4042165F51773 /* Release */ = {
			isa = XCBuildConfiguration;
			buildSettings = {
				ALWAYS_SEARCH_USER_PATHS = NO;
				CLANG_ANALYZER_NONNULL = YES;
				CLANG_ANALYZER_NUMBER_OBJECT_CONVERSION = YES_AGGRESSIVE;
				CLANG_CXX_LANGUAGE_STANDARD = "gnu++14";
				CLANG_CXX_LIBRARY = "libc++";
				CLANG_ENABLE_MODULES = YES;
				CLANG_ENABLE_OBJC_ARC = YES;
				CLANG_ENABLE_OBJC_WEAK = YES;
				CLANG_WARN_BLOCK_CAPTURE_AUTORELEASING = YES;
				CLANG_WARN_BOOL_CONVERSION = YES;
				CLANG_WARN_COMMA = YES;
				CLANG_WARN_CONSTANT_CONVERSION = YES;
				CLANG_WARN_DEPRECATED_OBJC_IMPLEMENTATIONS = YES;
				CLANG_WARN_DIRECT_OBJC_ISA_USAGE = YES_ERROR;
				CLANG_WARN_DOCUMENTATION_COMMENTS = YES;
				CLANG_WARN_EMPTY_BODY = YES;
				CLANG_WARN_ENUM_CONVERSION = YES;
				CLANG_WARN_INFINITE_RECURSION = YES;
				CLANG_WARN_INT_CONVERSION = YES;
				CLANG_WARN_NON_LITERAL_NULL_CONVERSION = YES;
				CLANG_WARN_OBJC_IMPLICIT_RETAIN_SELF = YES;
				CLANG_WARN_OBJC_LITERAL_CONVERSION = YES;
				CLANG_WARN_OBJC_ROOT_CLASS = YES_ERROR;
				CLANG_WARN_QUOTED_INCLUDE_IN_FRAMEWORK_HEADER = YES;
				CLANG_WARN_RANGE_LOOP_ANALYSIS = YES;
				CLANG_WARN_STRICT_PROTOTYPES = YES;
				CLANG_WARN_SUSPICIOUS_MOVE = YES;
				CLANG_WARN_UNGUARDED_AVAILABILITY = YES_AGGRESSIVE;
				CLANG_WARN_UNREACHABLE_CODE = YES;
				CLANG_WARN__DUPLICATE_METHOD_MATCH = YES;
				CODE_SIGN_STYLE = Automatic;
				COPY_PHASE_STRIP = NO;
				CURRENT_PROJECT_VERSION = 1;
				DEBUG_INFORMATION_FORMAT = "dwarf-with-dsym";
				DEVELOPMENT_TEAM = "";
				ENABLE_NS_ASSERTIONS = NO;
				ENABLE_STRICT_OBJC_MSGSEND = YES;
				ENABLE_USER_SCRIPT_SANDBOXING = YES;
				GCC_C_LANGUAGE_STANDARD = gnu11;
				GCC_NO_COMMON_BLOCKS = YES;
				GCC_WARN_64_TO_32_BIT_CONVERSION = YES;
				GCC_WARN_ABOUT_RETURN_TYPE = YES_ERROR;
				GCC_WARN_UNDECLARED_SELECTOR = YES;
				GCC_WARN_UNINITIALIZED_AUTOS = YES_AGGRESSIVE;
				GCC_WARN_UNUSED_FUNCTION = YES;
				GCC_WARN_UNUSED_VARIABLE = YES;
				GENERATE_INFOPLIST_FILE = YES;
				INFOPLIST_KEY_CFBundleDisplayName = PriceLens;
				INFOPLIST_KEY_NSCameraUsageDescription = "PriceLens uses the camera to recognize product barcodes, labels, and prices for comparison.";
				INFOPLIST_KEY_UIApplicationSceneManifest_Generation = YES;
				INFOPLIST_KEY_UILaunchScreen_Generation = YES;
				INFOPLIST_KEY_UISupportedInterfaceOrientations = UIInterfaceOrientationPortrait;
				IPHONEOS_DEPLOYMENT_TARGET = 18.0;
				MARKETING_VERSION = 0.1.0;
				MTL_ENABLE_DEBUG_INFO = NO;
				MTL_FAST_MATH = YES;
				PRODUCT_NAME = "$(TARGET_NAME)";
				SDKROOT = iphoneos;
				SWIFT_COMPILATION_MODE = wholemodule;
				SWIFT_OPTIMIZATION_LEVEL = "-O";
				SWIFT_VERSION = 6.0;
				TARGETED_DEVICE_FAMILY = 1;
			};
			name = Release;
		};
		7F097D18AD9749C59F44B872 /* Release */ = {
			isa = XCBuildConfiguration;
			buildSettings = {
				BUNDLE_LOADER = "$(TEST_HOST)";
				LD_RUNPATH_SEARCH_PATHS = (
					"$(inherited)",
					"@executable_path/Frameworks",
					"@loader_path/Frameworks",
				);
				PRODUCT_BUNDLE_IDENTIFIER = com.itonus.PriceLensUITests;
				SDKROOT = iphoneos;
				TARGETED_DEVICE_FAMILY = "1,2";
				TEST_TARGET_NAME = PriceLens;
			};
			name = Release;
		};
		A587AC2B3B961F7AD650B173 /* Debug */ = {
			isa = XCBuildConfiguration;
			buildSettings = {
				BUNDLE_LOADER = "$(TEST_HOST)";
				LD_RUNPATH_SEARCH_PATHS = (
					"$(inherited)",
					"@executable_path/Frameworks",
					"@loader_path/Frameworks",
				);
				PRODUCT_BUNDLE_IDENTIFIER = com.itonus.PriceLensTests;
				SDKROOT = iphoneos;
				TARGETED_DEVICE_FAMILY = "1,2";
				TEST_HOST = "$(BUILT_PRODUCTS_DIR)/PriceLens.app/PriceLens";
			};
			name = Debug;
		};
		C17CF97CE1D70C39F5655E36 /* Debug */ = {
			isa = XCBuildConfiguration;
			buildSettings = {
				BUNDLE_LOADER = "$(TEST_HOST)";
				LD_RUNPATH_SEARCH_PATHS = (
					"$(inherited)",
					"@executable_path/Frameworks",
					"@loader_path/Frameworks",
				);
				PRODUCT_BUNDLE_IDENTIFIER = com.itonus.PriceLensUITests;
				SDKROOT = iphoneos;
				TARGETED_DEVICE_FAMILY = "1,2";
				TEST_TARGET_NAME = PriceLens;
			};
			name = Debug;
		};
		C9E3E7A6BD061F44FA29F8F4 /* Release */ = {
			isa = XCBuildConfiguration;
			buildSettings = {
				BUNDLE_LOADER = "$(TEST_HOST)";
				LD_RUNPATH_SEARCH_PATHS = (
					"$(inherited)",
					"@executable_path/Frameworks",
					"@loader_path/Frameworks",
				);
				PRODUCT_BUNDLE_IDENTIFIER = com.itonus.PriceLensTests;
				SDKROOT = iphoneos;
				TARGETED_DEVICE_FAMILY = "1,2";
				TEST_HOST = "$(BUILT_PRODUCTS_DIR)/PriceLens.app/PriceLens";
			};
			name = Release;
		};
/* End XCBuildConfiguration section */

/* Begin XCConfigurationList section */
		4045A9A845EF9863DCB8ACE5 /* Build configuration list for PBXNativeTarget "PriceLens" */ = {
			isa = XCConfigurationList;
			buildConfigurations = (
				11761CF207B49355BFE6D3E7 /* Debug */,
				5F7E9DAE6E08A760AB96FD10 /* Release */,
			);
			defaultConfigurationIsVisible = 0;
			defaultConfigurationName = Debug;
		};
		5D09D3FF2FFDCDA34166D1FA /* Build configuration list for PBXNativeTarget "PriceLensTests" */ = {
			isa = XCConfigurationList;
			buildConfigurations = (
				A587AC2B3B961F7AD650B173 /* Debug */,
				C9E3E7A6BD061F44FA29F8F4 /* Release */,
			);
			defaultConfigurationIsVisible = 0;
			defaultConfigurationName = Debug;
		};
		8ED81CB8F75FBEE5E64D1E5C /* Build configuration list for PBXNativeTarget "PriceLensUITests" */ = {
			isa = XCConfigurationList;
			buildConfigurations = (
				C17CF97CE1D70C39F5655E36 /* Debug */,
				7F097D18AD9749C59F44B872 /* Release */,
			);
			defaultConfigurationIsVisible = 0;
			defaultConfigurationName = Debug;
		};
		DFE2C05782AD8C5E8AD57972 /* Build configuration list for PBXProject "PriceLens" */ = {
			isa = XCConfigurationList;
			buildConfigurations = (
				1FF62645CE074DEB69EF1E27 /* Debug */,
				77E6BCFE41C4042165F51773 /* Release */,
			);
			defaultConfigurationIsVisible = 0;
			defaultConfigurationName = Debug;
		};
/* End XCConfigurationList section */

/* Begin XCRemoteSwiftPackageReference section */
		31DA408D416E4D93134F8E4D /* XCRemoteSwiftPackageReference "SwiftSoup" */ = {
			isa = XCRemoteSwiftPackageReference;
			repositoryURL = "https://github.com/scinfu/SwiftSoup";
			requirement = {
				kind = upToNextMajorVersion;
				minimumVersion = 2.8.0;
			};
		};
/* End XCRemoteSwiftPackageReference section */

/* Begin XCSwiftPackageProductDependency section */
		5D20ECC398696FBDD98DADA5 /* SwiftSoup */ = {
			isa = XCSwiftPackageProductDependency;
			package = 31DA408D416E4D93134F8E4D /* XCRemoteSwiftPackageReference "SwiftSoup" */;
			productName = SwiftSoup;
		};
/* End XCSwiftPackageProductDependency section */
	};
	rootObject = 99B1FD5EDC0333013D3722FF /* Project object */;
}
